
Microsoft Visual Studio Solution File, Format Version 12.00
# Visual Studio 15
VisualStudioVersion = 15.0.28307.271
MinimumVisualStudioVersion = 10.0.40219.1
Project("{FAE04EC0-301F-11D3-BF4B-00C04F79EFBC}") = "flightgear_haberlesme_udp_protokolu", "flightgear_haberlesme_udp_protokolu\flightgear_haberlesme_udp_protokolu.csproj", "{974C204A-1F5E-4B1F-973D-EFFF125EA3BA}"
EndProject
Global
	GlobalSection(SolutionConfigurationPlatforms) = preSolution
		Debug|Any CPU = Debug|Any CPU
		Release|Any CPU = Release|Any CPU
	EndGlobalSection
	GlobalSection(ProjectConfigurationPlatforms) = postSolution
		{974C204A-1F5E-4B1F-973D-EFFF125EA3BA}.Debug|Any CPU.ActiveCfg = Debug|Any CPU
		{974C204A-1F5E-4B1F-973D-EFFF125EA3BA}.Debug|Any CPU.Build.0 = Debug|Any CPU
		{974C204A-1F5E-4B1F-973D-EFFF125EA3BA}.Release|Any CPU.ActiveCfg = Release|Any CPU
		{974C204A-1F5E-4B1F-973D-EFFF125EA3BA}.Release|Any CPU.Build.0 = Release|Any CPU
	EndGlobalSection
	GlobalSection(SolutionProperties) = preSolution
		HideSolutionNode = FALSE
	EndGlobalSection
	GlobalSection(ExtensibilityGlobals) = postSolution
		SolutionGuid = {128D2A56-CBF5-47EB-8D6F-F86E21CB0AE2}
	EndGlobalSection
EndGlobal
